
Microsoft Visual Studio Solution File, Format Version 12.00
# Visual Studio 14
VisualStudioVersion = 14.0.25420.1
MinimumVisualStudioVersion = 10.0.40219.1
Project("{FAE04EC0-301F-11D3-BF4B-00C04F79EFBC}") = "GoogleMediaFramework.Android", "GoogleMediaFramework.Android\GoogleMediaFramework.Android.csproj", "{47FCC4F0-24F7-4AA1-BF10-6BA7ABCCAF9C}"
EndProject
Project("{FAE04EC0-301F-11D3-BF4B-00C04F79EFBC}") = "GoogleMediaFramework.App.Android", "GoogleMediaFramework.App.Android\GoogleMediaFramework.App.Android.csproj", "{0B0A4D7C-4EE0-4739-8D09-017E93825644}"
EndProject
Project("{2150E333-8FDC-42A3-9474-1A3956D46DE8}") = "Build", "Build", "{A2FCF9AB-3221-49D9-8A7C-2F1ADC79B718}"
	ProjectSection(SolutionItems) = preProject
		Build\build.proj = Build\build.proj
		Build\GoogleMediaFramework.nuspec = Build\GoogleMediaFramework.nuspec
	EndProjectSection
EndProject
Project("{FAE04EC0-301F-11D3-BF4B-00C04F79EFBC}") = "GoogleMediaFramework.iOS", "GoogleMediaFramework.iOS\GoogleMediaFramework.iOS.csproj", "{F06B9B98-F3A3-4DFE-9C4C-4100FFC24715}"
EndProject
Global
	GlobalSection(SolutionConfigurationPlatforms) = preSolution
		Debug|Any CPU = Debug|Any CPU
		Release|Any CPU = Release|Any CPU
	EndGlobalSection
	GlobalSection(ProjectConfigurationPlatforms) = postSolution
		{47FCC4F0-24F7-4AA1-BF10-6BA7ABCCAF9C}.Debug|Any CPU.ActiveCfg = Debug|Any CPU
		{47FCC4F0-24F7-4AA1-BF10-6BA7ABCCAF9C}.Debug|Any CPU.Build.0 = Debug|Any CPU
		{47FCC4F0-24F7-4AA1-BF10-6BA7ABCCAF9C}.Release|Any CPU.ActiveCfg = Release|Any CPU
		{47FCC4F0-24F7-4AA1-BF10-6BA7ABCCAF9C}.Release|Any CPU.Build.0 = Release|Any CPU
		{0B0A4D7C-4EE0-4739-8D09-017E93825644}.Debug|Any CPU.ActiveCfg = Debug|Any CPU
		{0B0A4D7C-4EE0-4739-8D09-017E93825644}.Debug|Any CPU.Build.0 = Debug|Any CPU
		{0B0A4D7C-4EE0-4739-8D09-017E93825644}.Debug|Any CPU.Deploy.0 = Debug|Any CPU
		{0B0A4D7C-4EE0-4739-8D09-017E93825644}.Release|Any CPU.ActiveCfg = Release|Any CPU
		{0B0A4D7C-4EE0-4739-8D09-017E93825644}.Release|Any CPU.Build.0 = Release|Any CPU
		{0B0A4D7C-4EE0-4739-8D09-017E93825644}.Release|Any CPU.Deploy.0 = Release|Any CPU
		{F06B9B98-F3A3-4DFE-9C4C-4100FFC24715}.Debug|Any CPU.ActiveCfg = Debug|Any CPU
		{F06B9B98-F3A3-4DFE-9C4C-4100FFC24715}.Debug|Any CPU.Build.0 = Debug|Any CPU
		{F06B9B98-F3A3-4DFE-9C4C-4100FFC24715}.Release|Any CPU.ActiveCfg = Release|Any CPU
		{F06B9B98-F3A3-4DFE-9C4C-4100FFC24715}.Release|Any CPU.Build.0 = Release|Any CPU
	EndGlobalSection
	GlobalSection(SolutionProperties) = preSolution
		HideSolutionNode = FALSE
	EndGlobalSection
EndGlobal
