
Microsoft Visual Studio Solution File, Format Version 12.00
# Visual Studio 14
VisualStudioVersion = 14.0.25420.1
MinimumVisualStudioVersion = 10.0.40219.1
Project("{FAE04EC0-301F-11D3-BF4B-00C04F79EFBC}") = "GoogleMediaFramework.Android", "GoogleMediaFramework.Android\GoogleMediaFramework.Android.csproj", "{47FCC4F0-24F7-4AA1-BF10-6BA7ABCCAF9C}"
EndProject
Project("{FAE04EC0-301F-11D3-BF4B-00C04F79EFBC}") = "GoogleMediaFramework.App.Android", "GoogleMediaFramework.App.Android\GoogleMediaFramework.App.Android.csproj", "{0B0A4D7C-4EE0-4739-8D09-017E93825644}"
EndProject
Project("{2150E333-8FDC-42A3-9474-1A3956D46DE8}") = "Build", "Build", "{A2FCF9AB-3221-49D9-8A7C-2F1ADC79B718}"
	ProjectSection(SolutionItems) = preProject
		Build\build.proj = Build\build.proj
		Build\GoogleMediaFramework.nuspec = Build\GoogleMediaFramework.nuspec
		Build\GoogleMediaFrameworkForAdMob.nuspec = Build\GoogleMediaFrameworkForAdMob.nuspec
	EndProjectSection
EndProject
Project("{FAE04EC0-301F-11D3-BF4B-00C04F79EFBC}") = "GoogleMediaFramework.iOS", "GoogleMediaFramework.iOS\GoogleMediaFramework.iOS.csproj", "{F06B9B98-F3A3-4DFE-9C4C-4100FFC24715}"
EndProject
Project("{FAE04EC0-301F-11D3-BF4B-00C04F79EFBC}") = "GoogleMediaFrameworkAdMob.iOS", "GoogleMediaFrameworkAdMob.iOS\GoogleMediaFrameworkAdMob.iOS.csproj", "{9AC8A835-2EEF-495D-8980-F2D5DC6B5269}"
EndProject
Project("{2150E333-8FDC-42A3-9474-1A3956D46DE8}") = "Samples", "Samples", "{1BA52C96-41CA-4DF1-A94E-30BB46F0E1EF}"
EndProject
Project("{FAE04EC0-301F-11D3-BF4B-00C04F79EFBC}") = "GoogleMediaFramework.App.iOS", "GoogleMediaFramework.App.iOS\GoogleMediaFramework.App.iOS.csproj", "{BB1FB329-6DB3-4117-BB1B-14E04E830122}"
EndProject
Global
	GlobalSection(SolutionConfigurationPlatforms) = preSolution
		Ad-Hoc|Any CPU = Ad-Hoc|Any CPU
		Ad-Hoc|iPhone = Ad-Hoc|iPhone
		Ad-Hoc|iPhoneSimulator = Ad-Hoc|iPhoneSimulator
		AppStore|Any CPU = AppStore|Any CPU
		AppStore|iPhone = AppStore|iPhone
		AppStore|iPhoneSimulator = AppStore|iPhoneSimulator
		Debug|Any CPU = Debug|Any CPU
		Debug|iPhone = Debug|iPhone
		Debug|iPhoneSimulator = Debug|iPhoneSimulator
		Release_Android|Any CPU = Release_Android|Any CPU
		Release_Android|iPhone = Release_Android|iPhone
		Release_Android|iPhoneSimulator = Release_Android|iPhoneSimulator
		Release_iOS|Any CPU = Release_iOS|Any CPU
		Release_iOS|iPhone = Release_iOS|iPhone
		Release_iOS|iPhoneSimulator = Release_iOS|iPhoneSimulator
		Release|Any CPU = Release|Any CPU
		Release|iPhone = Release|iPhone
		Release|iPhoneSimulator = Release|iPhoneSimulator
	EndGlobalSection
	GlobalSection(ProjectConfigurationPlatforms) = postSolution
		{47FCC4F0-24F7-4AA1-BF10-6BA7ABCCAF9C}.Ad-Hoc|Any CPU.ActiveCfg = Release|Any CPU
		{47FCC4F0-24F7-4AA1-BF10-6BA7ABCCAF9C}.Ad-Hoc|Any CPU.Build.0 = Release|Any CPU
		{47FCC4F0-24F7-4AA1-BF10-6BA7ABCCAF9C}.Ad-Hoc|iPhone.ActiveCfg = Release|Any CPU
		{47FCC4F0-24F7-4AA1-BF10-6BA7ABCCAF9C}.Ad-Hoc|iPhone.Build.0 = Release|Any CPU
		{47FCC4F0-24F7-4AA1-BF10-6BA7ABCCAF9C}.Ad-Hoc|iPhoneSimulator.ActiveCfg = Release|Any CPU
		{47FCC4F0-24F7-4AA1-BF10-6BA7ABCCAF9C}.Ad-Hoc|iPhoneSimulator.Build.0 = Release|Any CPU
		{47FCC4F0-24F7-4AA1-BF10-6BA7ABCCAF9C}.AppStore|Any CPU.ActiveCfg = Release|Any CPU
		{47FCC4F0-24F7-4AA1-BF10-6BA7ABCCAF9C}.AppStore|Any CPU.Build.0 = Release|Any CPU
		{47FCC4F0-24F7-4AA1-BF10-6BA7ABCCAF9C}.AppStore|iPhone.ActiveCfg = Release|Any CPU
		{47FCC4F0-24F7-4AA1-BF10-6BA7ABCCAF9C}.AppStore|iPhone.Build.0 = Release|Any CPU
		{47FCC4F0-24F7-4AA1-BF10-6BA7ABCCAF9C}.AppStore|iPhoneSimulator.ActiveCfg = Release|Any CPU
		{47FCC4F0-24F7-4AA1-BF10-6BA7ABCCAF9C}.AppStore|iPhoneSimulator.Build.0 = Release|Any CPU
		{47FCC4F0-24F7-4AA1-BF10-6BA7ABCCAF9C}.Debug|Any CPU.ActiveCfg = Debug|Any CPU
		{47FCC4F0-24F7-4AA1-BF10-6BA7ABCCAF9C}.Debug|Any CPU.Build.0 = Debug|Any CPU
		{47FCC4F0-24F7-4AA1-BF10-6BA7ABCCAF9C}.Debug|iPhone.ActiveCfg = Debug|Any CPU
		{47FCC4F0-24F7-4AA1-BF10-6BA7ABCCAF9C}.Debug|iPhone.Build.0 = Debug|Any CPU
		{47FCC4F0-24F7-4AA1-BF10-6BA7ABCCAF9C}.Debug|iPhoneSimulator.ActiveCfg = Debug|Any CPU
		{47FCC4F0-24F7-4AA1-BF10-6BA7ABCCAF9C}.Debug|iPhoneSimulator.Build.0 = Debug|Any CPU
		{47FCC4F0-24F7-4AA1-BF10-6BA7ABCCAF9C}.Release_Android|Any CPU.ActiveCfg = Release|Any CPU
		{47FCC4F0-24F7-4AA1-BF10-6BA7ABCCAF9C}.Release_Android|Any CPU.Build.0 = Release|Any CPU
		{47FCC4F0-24F7-4AA1-BF10-6BA7ABCCAF9C}.Release_Android|iPhone.ActiveCfg = Release|Any CPU
		{47FCC4F0-24F7-4AA1-BF10-6BA7ABCCAF9C}.Release_Android|iPhone.Build.0 = Release|Any CPU
		{47FCC4F0-24F7-4AA1-BF10-6BA7ABCCAF9C}.Release_Android|iPhoneSimulator.ActiveCfg = Release|Any CPU
		{47FCC4F0-24F7-4AA1-BF10-6BA7ABCCAF9C}.Release_Android|iPhoneSimulator.Build.0 = Release|Any CPU
		{47FCC4F0-24F7-4AA1-BF10-6BA7ABCCAF9C}.Release_iOS|Any CPU.ActiveCfg = Release|Any CPU
		{47FCC4F0-24F7-4AA1-BF10-6BA7ABCCAF9C}.Release_iOS|iPhone.ActiveCfg = Release|Any CPU
		{47FCC4F0-24F7-4AA1-BF10-6BA7ABCCAF9C}.Release_iOS|iPhoneSimulator.ActiveCfg = Release|Any CPU
		{47FCC4F0-24F7-4AA1-BF10-6BA7ABCCAF9C}.Release|Any CPU.ActiveCfg = Release|Any CPU
		{47FCC4F0-24F7-4AA1-BF10-6BA7ABCCAF9C}.Release|Any CPU.Build.0 = Release|Any CPU
		{47FCC4F0-24F7-4AA1-BF10-6BA7ABCCAF9C}.Release|iPhone.ActiveCfg = Release|Any CPU
		{47FCC4F0-24F7-4AA1-BF10-6BA7ABCCAF9C}.Release|iPhone.Build.0 = Release|Any CPU
		{47FCC4F0-24F7-4AA1-BF10-6BA7ABCCAF9C}.Release|iPhoneSimulator.ActiveCfg = Release|Any CPU
		{47FCC4F0-24F7-4AA1-BF10-6BA7ABCCAF9C}.Release|iPhoneSimulator.Build.0 = Release|Any CPU
		{0B0A4D7C-4EE0-4739-8D09-017E93825644}.Ad-Hoc|Any CPU.ActiveCfg = Release|Any CPU
		{0B0A4D7C-4EE0-4739-8D09-017E93825644}.Ad-Hoc|Any CPU.Build.0 = Release|Any CPU
		{0B0A4D7C-4EE0-4739-8D09-017E93825644}.Ad-Hoc|Any CPU.Deploy.0 = Release|Any CPU
		{0B0A4D7C-4EE0-4739-8D09-017E93825644}.Ad-Hoc|iPhone.ActiveCfg = Release|Any CPU
		{0B0A4D7C-4EE0-4739-8D09-017E93825644}.Ad-Hoc|iPhone.Build.0 = Release|Any CPU
		{0B0A4D7C-4EE0-4739-8D09-017E93825644}.Ad-Hoc|iPhone.Deploy.0 = Release|Any CPU
		{0B0A4D7C-4EE0-4739-8D09-017E93825644}.Ad-Hoc|iPhoneSimulator.ActiveCfg = Release|Any CPU
		{0B0A4D7C-4EE0-4739-8D09-017E93825644}.Ad-Hoc|iPhoneSimulator.Build.0 = Release|Any CPU
		{0B0A4D7C-4EE0-4739-8D09-017E93825644}.Ad-Hoc|iPhoneSimulator.Deploy.0 = Release|Any CPU
		{0B0A4D7C-4EE0-4739-8D09-017E93825644}.AppStore|Any CPU.ActiveCfg = Release|Any CPU
		{0B0A4D7C-4EE0-4739-8D09-017E93825644}.AppStore|Any CPU.Build.0 = Release|Any CPU
		{0B0A4D7C-4EE0-4739-8D09-017E93825644}.AppStore|Any CPU.Deploy.0 = Release|Any CPU
		{0B0A4D7C-4EE0-4739-8D09-017E93825644}.AppStore|iPhone.ActiveCfg = Release|Any CPU
		{0B0A4D7C-4EE0-4739-8D09-017E93825644}.AppStore|iPhone.Build.0 = Release|Any CPU
		{0B0A4D7C-4EE0-4739-8D09-017E93825644}.AppStore|iPhone.Deploy.0 = Release|Any CPU
		{0B0A4D7C-4EE0-4739-8D09-017E93825644}.AppStore|iPhoneSimulator.ActiveCfg = Release|Any CPU
		{0B0A4D7C-4EE0-4739-8D09-017E93825644}.AppStore|iPhoneSimulator.Build.0 = Release|Any CPU
		{0B0A4D7C-4EE0-4739-8D09-017E93825644}.AppStore|iPhoneSimulator.Deploy.0 = Release|Any CPU
		{0B0A4D7C-4EE0-4739-8D09-017E93825644}.Debug|Any CPU.ActiveCfg = Debug|Any CPU
		{0B0A4D7C-4EE0-4739-8D09-017E93825644}.Debug|Any CPU.Build.0 = Debug|Any CPU
		{0B0A4D7C-4EE0-4739-8D09-017E93825644}.Debug|Any CPU.Deploy.0 = Debug|Any CPU
		{0B0A4D7C-4EE0-4739-8D09-017E93825644}.Debug|iPhone.ActiveCfg = Debug|Any CPU
		{0B0A4D7C-4EE0-4739-8D09-017E93825644}.Debug|iPhone.Build.0 = Debug|Any CPU
		{0B0A4D7C-4EE0-4739-8D09-017E93825644}.Debug|iPhone.Deploy.0 = Debug|Any CPU
		{0B0A4D7C-4EE0-4739-8D09-017E93825644}.Debug|iPhoneSimulator.ActiveCfg = Debug|Any CPU
		{0B0A4D7C-4EE0-4739-8D09-017E93825644}.Debug|iPhoneSimulator.Build.0 = Debug|Any CPU
		{0B0A4D7C-4EE0-4739-8D09-017E93825644}.Debug|iPhoneSimulator.Deploy.0 = Debug|Any CPU
		{0B0A4D7C-4EE0-4739-8D09-017E93825644}.Release_Android|Any CPU.ActiveCfg = Release|Any CPU
		{0B0A4D7C-4EE0-4739-8D09-017E93825644}.Release_Android|Any CPU.Build.0 = Release|Any CPU
		{0B0A4D7C-4EE0-4739-8D09-017E93825644}.Release_Android|Any CPU.Deploy.0 = Release|Any CPU
		{0B0A4D7C-4EE0-4739-8D09-017E93825644}.Release_Android|iPhone.ActiveCfg = Release|Any CPU
		{0B0A4D7C-4EE0-4739-8D09-017E93825644}.Release_Android|iPhone.Build.0 = Release|Any CPU
		{0B0A4D7C-4EE0-4739-8D09-017E93825644}.Release_Android|iPhone.Deploy.0 = Release|Any CPU
		{0B0A4D7C-4EE0-4739-8D09-017E93825644}.Release_Android|iPhoneSimulator.ActiveCfg = Release|Any CPU
		{0B0A4D7C-4EE0-4739-8D09-017E93825644}.Release_Android|iPhoneSimulator.Build.0 = Release|Any CPU
		{0B0A4D7C-4EE0-4739-8D09-017E93825644}.Release_Android|iPhoneSimulator.Deploy.0 = Release|Any CPU
		{0B0A4D7C-4EE0-4739-8D09-017E93825644}.Release_iOS|Any CPU.ActiveCfg = Release|Any CPU
		{0B0A4D7C-4EE0-4739-8D09-017E93825644}.Release_iOS|iPhone.ActiveCfg = Release|Any CPU
		{0B0A4D7C-4EE0-4739-8D09-017E93825644}.Release_iOS|iPhoneSimulator.ActiveCfg = Release|Any CPU
		{0B0A4D7C-4EE0-4739-8D09-017E93825644}.Release|Any CPU.ActiveCfg = Release|Any CPU
		{0B0A4D7C-4EE0-4739-8D09-017E93825644}.Release|Any CPU.Build.0 = Release|Any CPU
		{0B0A4D7C-4EE0-4739-8D09-017E93825644}.Release|Any CPU.Deploy.0 = Release|Any CPU
		{0B0A4D7C-4EE0-4739-8D09-017E93825644}.Release|iPhone.ActiveCfg = Release|Any CPU
		{0B0A4D7C-4EE0-4739-8D09-017E93825644}.Release|iPhone.Build.0 = Release|Any CPU
		{0B0A4D7C-4EE0-4739-8D09-017E93825644}.Release|iPhone.Deploy.0 = Release|Any CPU
		{0B0A4D7C-4EE0-4739-8D09-017E93825644}.Release|iPhoneSimulator.ActiveCfg = Release|Any CPU
		{0B0A4D7C-4EE0-4739-8D09-017E93825644}.Release|iPhoneSimulator.Build.0 = Release|Any CPU
		{0B0A4D7C-4EE0-4739-8D09-017E93825644}.Release|iPhoneSimulator.Deploy.0 = Release|Any CPU
		{F06B9B98-F3A3-4DFE-9C4C-4100FFC24715}.Ad-Hoc|Any CPU.ActiveCfg = Release|Any CPU
		{F06B9B98-F3A3-4DFE-9C4C-4100FFC24715}.Ad-Hoc|Any CPU.Build.0 = Release|Any CPU
		{F06B9B98-F3A3-4DFE-9C4C-4100FFC24715}.Ad-Hoc|iPhone.ActiveCfg = Release|Any CPU
		{F06B9B98-F3A3-4DFE-9C4C-4100FFC24715}.Ad-Hoc|iPhone.Build.0 = Release|Any CPU
		{F06B9B98-F3A3-4DFE-9C4C-4100FFC24715}.Ad-Hoc|iPhoneSimulator.ActiveCfg = Release|Any CPU
		{F06B9B98-F3A3-4DFE-9C4C-4100FFC24715}.Ad-Hoc|iPhoneSimulator.Build.0 = Release|Any CPU
		{F06B9B98-F3A3-4DFE-9C4C-4100FFC24715}.AppStore|Any CPU.ActiveCfg = Release|Any CPU
		{F06B9B98-F3A3-4DFE-9C4C-4100FFC24715}.AppStore|Any CPU.Build.0 = Release|Any CPU
		{F06B9B98-F3A3-4DFE-9C4C-4100FFC24715}.AppStore|iPhone.ActiveCfg = Release|Any CPU
		{F06B9B98-F3A3-4DFE-9C4C-4100FFC24715}.AppStore|iPhone.Build.0 = Release|Any CPU
		{F06B9B98-F3A3-4DFE-9C4C-4100FFC24715}.AppStore|iPhoneSimulator.ActiveCfg = Release|Any CPU
		{F06B9B98-F3A3-4DFE-9C4C-4100FFC24715}.AppStore|iPhoneSimulator.Build.0 = Release|Any CPU
		{F06B9B98-F3A3-4DFE-9C4C-4100FFC24715}.Debug|Any CPU.ActiveCfg = Debug|Any CPU
		{F06B9B98-F3A3-4DFE-9C4C-4100FFC24715}.Debug|Any CPU.Build.0 = Debug|Any CPU
		{F06B9B98-F3A3-4DFE-9C4C-4100FFC24715}.Debug|iPhone.ActiveCfg = Debug|Any CPU
		{F06B9B98-F3A3-4DFE-9C4C-4100FFC24715}.Debug|iPhone.Build.0 = Debug|Any CPU
		{F06B9B98-F3A3-4DFE-9C4C-4100FFC24715}.Debug|iPhoneSimulator.ActiveCfg = Debug|Any CPU
		{F06B9B98-F3A3-4DFE-9C4C-4100FFC24715}.Debug|iPhoneSimulator.Build.0 = Debug|Any CPU
		{F06B9B98-F3A3-4DFE-9C4C-4100FFC24715}.Release_Android|Any CPU.ActiveCfg = Release|Any CPU
		{F06B9B98-F3A3-4DFE-9C4C-4100FFC24715}.Release_Android|iPhone.ActiveCfg = Release|Any CPU
		{F06B9B98-F3A3-4DFE-9C4C-4100FFC24715}.Release_Android|iPhoneSimulator.ActiveCfg = Release|Any CPU
		{F06B9B98-F3A3-4DFE-9C4C-4100FFC24715}.Release_iOS|Any CPU.ActiveCfg = Release|Any CPU
		{F06B9B98-F3A3-4DFE-9C4C-4100FFC24715}.Release_iOS|Any CPU.Build.0 = Release|Any CPU
		{F06B9B98-F3A3-4DFE-9C4C-4100FFC24715}.Release_iOS|iPhone.ActiveCfg = Release|Any CPU
		{F06B9B98-F3A3-4DFE-9C4C-4100FFC24715}.Release_iOS|iPhone.Build.0 = Release|Any CPU
		{F06B9B98-F3A3-4DFE-9C4C-4100FFC24715}.Release_iOS|iPhoneSimulator.ActiveCfg = Release|Any CPU
		{F06B9B98-F3A3-4DFE-9C4C-4100FFC24715}.Release_iOS|iPhoneSimulator.Build.0 = Release|Any CPU
		{F06B9B98-F3A3-4DFE-9C4C-4100FFC24715}.Release|Any CPU.ActiveCfg = Release|Any CPU
		{F06B9B98-F3A3-4DFE-9C4C-4100FFC24715}.Release|Any CPU.Build.0 = Release|Any CPU
		{F06B9B98-F3A3-4DFE-9C4C-4100FFC24715}.Release|iPhone.ActiveCfg = Release|Any CPU
		{F06B9B98-F3A3-4DFE-9C4C-4100FFC24715}.Release|iPhone.Build.0 = Release|Any CPU
		{F06B9B98-F3A3-4DFE-9C4C-4100FFC24715}.Release|iPhoneSimulator.ActiveCfg = Release|Any CPU
		{F06B9B98-F3A3-4DFE-9C4C-4100FFC24715}.Release|iPhoneSimulator.Build.0 = Release|Any CPU
		{9AC8A835-2EEF-495D-8980-F2D5DC6B5269}.Ad-Hoc|Any CPU.ActiveCfg = Release|Any CPU
		{9AC8A835-2EEF-495D-8980-F2D5DC6B5269}.Ad-Hoc|Any CPU.Build.0 = Release|Any CPU
		{9AC8A835-2EEF-495D-8980-F2D5DC6B5269}.Ad-Hoc|iPhone.ActiveCfg = Release|Any CPU
		{9AC8A835-2EEF-495D-8980-F2D5DC6B5269}.Ad-Hoc|iPhone.Build.0 = Release|Any CPU
		{9AC8A835-2EEF-495D-8980-F2D5DC6B5269}.Ad-Hoc|iPhoneSimulator.ActiveCfg = Release|Any CPU
		{9AC8A835-2EEF-495D-8980-F2D5DC6B5269}.Ad-Hoc|iPhoneSimulator.Build.0 = Release|Any CPU
		{9AC8A835-2EEF-495D-8980-F2D5DC6B5269}.AppStore|Any CPU.ActiveCfg = Release|Any CPU
		{9AC8A835-2EEF-495D-8980-F2D5DC6B5269}.AppStore|Any CPU.Build.0 = Release|Any CPU
		{9AC8A835-2EEF-495D-8980-F2D5DC6B5269}.AppStore|iPhone.ActiveCfg = Release|Any CPU
		{9AC8A835-2EEF-495D-8980-F2D5DC6B5269}.AppStore|iPhone.Build.0 = Release|Any CPU
		{9AC8A835-2EEF-495D-8980-F2D5DC6B5269}.AppStore|iPhoneSimulator.ActiveCfg = Release|Any CPU
		{9AC8A835-2EEF-495D-8980-F2D5DC6B5269}.AppStore|iPhoneSimulator.Build.0 = Release|Any CPU
		{9AC8A835-2EEF-495D-8980-F2D5DC6B5269}.Debug|Any CPU.ActiveCfg = Debug|Any CPU
		{9AC8A835-2EEF-495D-8980-F2D5DC6B5269}.Debug|Any CPU.Build.0 = Debug|Any CPU
		{9AC8A835-2EEF-495D-8980-F2D5DC6B5269}.Debug|iPhone.ActiveCfg = Debug|Any CPU
		{9AC8A835-2EEF-495D-8980-F2D5DC6B5269}.Debug|iPhone.Build.0 = Debug|Any CPU
		{9AC8A835-2EEF-495D-8980-F2D5DC6B5269}.Debug|iPhoneSimulator.ActiveCfg = Debug|Any CPU
		{9AC8A835-2EEF-495D-8980-F2D5DC6B5269}.Debug|iPhoneSimulator.Build.0 = Debug|Any CPU
		{9AC8A835-2EEF-495D-8980-F2D5DC6B5269}.Release_Android|Any CPU.ActiveCfg = Release|Any CPU
		{9AC8A835-2EEF-495D-8980-F2D5DC6B5269}.Release_Android|iPhone.ActiveCfg = Release|Any CPU
		{9AC8A835-2EEF-495D-8980-F2D5DC6B5269}.Release_Android|iPhoneSimulator.ActiveCfg = Release|Any CPU
		{9AC8A835-2EEF-495D-8980-F2D5DC6B5269}.Release_iOS|Any CPU.ActiveCfg = Release|Any CPU
		{9AC8A835-2EEF-495D-8980-F2D5DC6B5269}.Release_iOS|Any CPU.Build.0 = Release|Any CPU
		{9AC8A835-2EEF-495D-8980-F2D5DC6B5269}.Release_iOS|iPhone.ActiveCfg = Release|Any CPU
		{9AC8A835-2EEF-495D-8980-F2D5DC6B5269}.Release_iOS|iPhone.Build.0 = Release|Any CPU
		{9AC8A835-2EEF-495D-8980-F2D5DC6B5269}.Release_iOS|iPhoneSimulator.ActiveCfg = Release|Any CPU
		{9AC8A835-2EEF-495D-8980-F2D5DC6B5269}.Release_iOS|iPhoneSimulator.Build.0 = Release|Any CPU
		{9AC8A835-2EEF-495D-8980-F2D5DC6B5269}.Release|Any CPU.ActiveCfg = Release|Any CPU
		{9AC8A835-2EEF-495D-8980-F2D5DC6B5269}.Release|Any CPU.Build.0 = Release|Any CPU
		{9AC8A835-2EEF-495D-8980-F2D5DC6B5269}.Release|iPhone.ActiveCfg = Release|Any CPU
		{9AC8A835-2EEF-495D-8980-F2D5DC6B5269}.Release|iPhone.Build.0 = Release|Any CPU
		{9AC8A835-2EEF-495D-8980-F2D5DC6B5269}.Release|iPhoneSimulator.ActiveCfg = Release|Any CPU
		{9AC8A835-2EEF-495D-8980-F2D5DC6B5269}.Release|iPhoneSimulator.Build.0 = Release|Any CPU
		{BB1FB329-6DB3-4117-BB1B-14E04E830122}.Ad-Hoc|Any CPU.ActiveCfg = Ad-Hoc|iPhone
		{BB1FB329-6DB3-4117-BB1B-14E04E830122}.Ad-Hoc|iPhone.ActiveCfg = Ad-Hoc|iPhone
		{BB1FB329-6DB3-4117-BB1B-14E04E830122}.Ad-Hoc|iPhone.Build.0 = Ad-Hoc|iPhone
		{BB1FB329-6DB3-4117-BB1B-14E04E830122}.Ad-Hoc|iPhoneSimulator.ActiveCfg = Ad-Hoc|iPhoneSimulator
		{BB1FB329-6DB3-4117-BB1B-14E04E830122}.Ad-Hoc|iPhoneSimulator.Build.0 = Ad-Hoc|iPhoneSimulator
		{BB1FB329-6DB3-4117-BB1B-14E04E830122}.AppStore|Any CPU.ActiveCfg = AppStore|iPhone
		{BB1FB329-6DB3-4117-BB1B-14E04E830122}.AppStore|iPhone.ActiveCfg = AppStore|iPhone
		{BB1FB329-6DB3-4117-BB1B-14E04E830122}.AppStore|iPhone.Build.0 = AppStore|iPhone
		{BB1FB329-6DB3-4117-BB1B-14E04E830122}.AppStore|iPhoneSimulator.ActiveCfg = AppStore|iPhoneSimulator
		{BB1FB329-6DB3-4117-BB1B-14E04E830122}.AppStore|iPhoneSimulator.Build.0 = AppStore|iPhoneSimulator
		{BB1FB329-6DB3-4117-BB1B-14E04E830122}.Debug|Any CPU.ActiveCfg = Debug|iPhone
		{BB1FB329-6DB3-4117-BB1B-14E04E830122}.Debug|iPhone.ActiveCfg = Debug|iPhone
		{BB1FB329-6DB3-4117-BB1B-14E04E830122}.Debug|iPhone.Build.0 = Debug|iPhone
		{BB1FB329-6DB3-4117-BB1B-14E04E830122}.Debug|iPhoneSimulator.ActiveCfg = Debug|iPhoneSimulator
		{BB1FB329-6DB3-4117-BB1B-14E04E830122}.Debug|iPhoneSimulator.Build.0 = Debug|iPhoneSimulator
		{BB1FB329-6DB3-4117-BB1B-14E04E830122}.Release_Android|Any CPU.ActiveCfg = Release|iPhone
		{BB1FB329-6DB3-4117-BB1B-14E04E830122}.Release_Android|iPhone.ActiveCfg = Release|iPhone
		{BB1FB329-6DB3-4117-BB1B-14E04E830122}.Release_Android|iPhoneSimulator.ActiveCfg = Release|iPhoneSimulator
		{BB1FB329-6DB3-4117-BB1B-14E04E830122}.Release_iOS|Any CPU.ActiveCfg = Release|iPhone
		{BB1FB329-6DB3-4117-BB1B-14E04E830122}.Release_iOS|Any CPU.Build.0 = Release|iPhone
		{BB1FB329-6DB3-4117-BB1B-14E04E830122}.Release_iOS|iPhone.ActiveCfg = Release|iPhone
		{BB1FB329-6DB3-4117-BB1B-14E04E830122}.Release_iOS|iPhone.Build.0 = Release|iPhone
		{BB1FB329-6DB3-4117-BB1B-14E04E830122}.Release_iOS|iPhoneSimulator.ActiveCfg = Release|iPhoneSimulator
		{BB1FB329-6DB3-4117-BB1B-14E04E830122}.Release_iOS|iPhoneSimulator.Build.0 = Release|iPhoneSimulator
		{BB1FB329-6DB3-4117-BB1B-14E04E830122}.Release|Any CPU.ActiveCfg = Release|iPhone
		{BB1FB329-6DB3-4117-BB1B-14E04E830122}.Release|Any CPU.Build.0 = Release|iPhone
		{BB1FB329-6DB3-4117-BB1B-14E04E830122}.Release|iPhone.ActiveCfg = Release|iPhone
		{BB1FB329-6DB3-4117-BB1B-14E04E830122}.Release|iPhone.Build.0 = Release|iPhone
		{BB1FB329-6DB3-4117-BB1B-14E04E830122}.Release|iPhoneSimulator.ActiveCfg = Release|iPhoneSimulator
		{BB1FB329-6DB3-4117-BB1B-14E04E830122}.Release|iPhoneSimulator.Build.0 = Release|iPhoneSimulator
	EndGlobalSection
	GlobalSection(SolutionProperties) = preSolution
		HideSolutionNode = FALSE
	EndGlobalSection
	GlobalSection(NestedProjects) = preSolution
		{0B0A4D7C-4EE0-4739-8D09-017E93825644} = {1BA52C96-41CA-4DF1-A94E-30BB46F0E1EF}
		{BB1FB329-6DB3-4117-BB1B-14E04E830122} = {1BA52C96-41CA-4DF1-A94E-30BB46F0E1EF}
	EndGlobalSection
EndGlobal
